
Microsoft Visual Studio Solution File, Format Version 12.00
Project("{2150E333-8FDC-42A3-9474-1A3956D46DE8}") = "src", "src", "{1C7C2FD7-F403-40FD-8031-F6A6067664F5}"
EndProject
Project("{2150E333-8FDC-42A3-9474-1A3956D46DE8}") = "tests", "tests", "{17284C47-B8B0-456F-ADDF-FDCB6ECACD06}"
EndProject
Project("{2150E333-8FDC-42A3-9474-1A3956D46DE8}") = "Services", "Services", "{20A67B4B-3791-4336-B329-C799CAED9035}"
EndProject
Project("{2150E333-8FDC-42A3-9474-1A3956D46DE8}") = "Budget", "Budget", "{15C94EC3-6655-4B53-A9C8-BB569CEE4C6A}"
EndProject
Project("{FAE04EC0-301F-11D3-BF4B-00C04F79EFBC}") = "BudgetService.Api", "BudgetService.Api\BudgetService.Api.csproj", "{B636C668-FF73-4007-A060-7AC16E0AD096}"
EndProject
Project("{2150E333-8FDC-42A3-9474-1A3956D46DE8}") = "Wallet", "Wallet", "{207988D4-3BAC-468E-8E6B-E4BB24DDA396}"
EndProject
Project("{FAE04EC0-301F-11D3-BF4B-00C04F79EFBC}") = "WalletService.Api", "WalletService.Api\WalletService.Api.csproj", "{4C1DA1D5-8360-4556-896E-A81518E419E0}"
EndProject
Project("{2150E333-8FDC-42A3-9474-1A3956D46DE8}") = "DataContracts", "DataContracts", "{6F3F0358-642E-4704-BFAA-9B03CFE87169}"
EndProject
Project("{FAE04EC0-301F-11D3-BF4B-00C04F79EFBC}") = "IntegrationEvents", "IntegrationEvents\IntegrationEvents.csproj", "{7F64A06E-6E37-40BB-A5BE-3714632D71A4}"
EndProject
Project("{2150E333-8FDC-42A3-9474-1A3956D46DE8}") = "Balance", "Balance", "{D3B3BB98-4C48-42A7-A063-920A06B46C95}"
EndProject
Project("{FAE04EC0-301F-11D3-BF4B-00C04F79EFBC}") = "BalanceService.Api", "BalanceService.Api\BalanceService.Api.csproj", "{2F859857-1725-4A3D-86BF-8E12A27E69FB}"
EndProject
Project("{FAE04EC0-301F-11D3-BF4B-00C04F79EFBC}") = "BalanceService.Domain", "BalanceService.Domain\BalanceService.Domain.csproj", "{9795410A-A9D0-48A9-ACB0-C59DE6D2659E}"
EndProject
Project("{FAE04EC0-301F-11D3-BF4B-00C04F79EFBC}") = "BalanceService.Infrastructure", "BalanceService.Infrastructure\BalanceService.Infrastructure.csproj", "{E0EF3BDA-DD66-4BF9-9B9E-8E77D9BA7F87}"
EndProject
Project("{FAE04EC0-301F-11D3-BF4B-00C04F79EFBC}") = "BalanceService.Api.Client", "BalanceService.Api.Client\BalanceService.Api.Client.csproj", "{B74400A4-FCA8-49CA-A3C2-ED1B5488DD40}"
EndProject
Project("{FAE04EC0-301F-11D3-BF4B-00C04F79EFBC}") = "WalletService.Api.Client", "WalletService.Api.Client\WalletService.Api.Client.csproj", "{D4DAAF3B-E6C9-46E4-97E7-07D9DFBD6C31}"
EndProject
Project("{FAE04EC0-301F-11D3-BF4B-00C04F79EFBC}") = "BalanceService.Api.Specs", "BalanceService.Api.Specs\BalanceService.Api.Specs.csproj", "{17F227A6-C3EC-4B01-A0BE-049E66665654}"
EndProject
Global
	GlobalSection(SolutionConfigurationPlatforms) = preSolution
		Debug|Any CPU = Debug|Any CPU
		Release|Any CPU = Release|Any CPU
	EndGlobalSection
	GlobalSection(NestedProjects) = preSolution
		{20A67B4B-3791-4336-B329-C799CAED9035} = {1C7C2FD7-F403-40FD-8031-F6A6067664F5}
		{15C94EC3-6655-4B53-A9C8-BB569CEE4C6A} = {20A67B4B-3791-4336-B329-C799CAED9035}
		{B636C668-FF73-4007-A060-7AC16E0AD096} = {15C94EC3-6655-4B53-A9C8-BB569CEE4C6A}
		{207988D4-3BAC-468E-8E6B-E4BB24DDA396} = {20A67B4B-3791-4336-B329-C799CAED9035}
		{4C1DA1D5-8360-4556-896E-A81518E419E0} = {207988D4-3BAC-468E-8E6B-E4BB24DDA396}
		{6F3F0358-642E-4704-BFAA-9B03CFE87169} = {1C7C2FD7-F403-40FD-8031-F6A6067664F5}
		{7F64A06E-6E37-40BB-A5BE-3714632D71A4} = {6F3F0358-642E-4704-BFAA-9B03CFE87169}
		{D3B3BB98-4C48-42A7-A063-920A06B46C95} = {20A67B4B-3791-4336-B329-C799CAED9035}
		{2F859857-1725-4A3D-86BF-8E12A27E69FB} = {D3B3BB98-4C48-42A7-A063-920A06B46C95}
		{9795410A-A9D0-48A9-ACB0-C59DE6D2659E} = {D3B3BB98-4C48-42A7-A063-920A06B46C95}
		{E0EF3BDA-DD66-4BF9-9B9E-8E77D9BA7F87} = {D3B3BB98-4C48-42A7-A063-920A06B46C95}
		{B74400A4-FCA8-49CA-A3C2-ED1B5488DD40} = {D3B3BB98-4C48-42A7-A063-920A06B46C95}
		{D4DAAF3B-E6C9-46E4-97E7-07D9DFBD6C31} = {207988D4-3BAC-468E-8E6B-E4BB24DDA396}
		{17F227A6-C3EC-4B01-A0BE-049E66665654} = {D3B3BB98-4C48-42A7-A063-920A06B46C95}
	EndGlobalSection
	GlobalSection(ProjectConfigurationPlatforms) = postSolution
		{B636C668-FF73-4007-A060-7AC16E0AD096}.Debug|Any CPU.ActiveCfg = Debug|Any CPU
		{B636C668-FF73-4007-A060-7AC16E0AD096}.Debug|Any CPU.Build.0 = Debug|Any CPU
		{B636C668-FF73-4007-A060-7AC16E0AD096}.Release|Any CPU.ActiveCfg = Release|Any CPU
		{B636C668-FF73-4007-A060-7AC16E0AD096}.Release|Any CPU.Build.0 = Release|Any CPU
		{4C1DA1D5-8360-4556-896E-A81518E419E0}.Debug|Any CPU.ActiveCfg = Debug|Any CPU
		{4C1DA1D5-8360-4556-896E-A81518E419E0}.Debug|Any CPU.Build.0 = Debug|Any CPU
		{4C1DA1D5-8360-4556-896E-A81518E419E0}.Release|Any CPU.ActiveCfg = Release|Any CPU
		{4C1DA1D5-8360-4556-896E-A81518E419E0}.Release|Any CPU.Build.0 = Release|Any CPU
		{7F64A06E-6E37-40BB-A5BE-3714632D71A4}.Debug|Any CPU.ActiveCfg = Debug|Any CPU
		{7F64A06E-6E37-40BB-A5BE-3714632D71A4}.Debug|Any CPU.Build.0 = Debug|Any CPU
		{7F64A06E-6E37-40BB-A5BE-3714632D71A4}.Release|Any CPU.ActiveCfg = Release|Any CPU
		{7F64A06E-6E37-40BB-A5BE-3714632D71A4}.Release|Any CPU.Build.0 = Release|Any CPU
		{2F859857-1725-4A3D-86BF-8E12A27E69FB}.Debug|Any CPU.ActiveCfg = Debug|Any CPU
		{2F859857-1725-4A3D-86BF-8E12A27E69FB}.Debug|Any CPU.Build.0 = Debug|Any CPU
		{2F859857-1725-4A3D-86BF-8E12A27E69FB}.Release|Any CPU.ActiveCfg = Release|Any CPU
		{2F859857-1725-4A3D-86BF-8E12A27E69FB}.Release|Any CPU.Build.0 = Release|Any CPU
		{9795410A-A9D0-48A9-ACB0-C59DE6D2659E}.Debug|Any CPU.ActiveCfg = Debug|Any CPU
		{9795410A-A9D0-48A9-ACB0-C59DE6D2659E}.Debug|Any CPU.Build.0 = Debug|Any CPU
		{9795410A-A9D0-48A9-ACB0-C59DE6D2659E}.Release|Any CPU.ActiveCfg = Release|Any CPU
		{9795410A-A9D0-48A9-ACB0-C59DE6D2659E}.Release|Any CPU.Build.0 = Release|Any CPU
		{E0EF3BDA-DD66-4BF9-9B9E-8E77D9BA7F87}.Debug|Any CPU.ActiveCfg = Debug|Any CPU
		{E0EF3BDA-DD66-4BF9-9B9E-8E77D9BA7F87}.Debug|Any CPU.Build.0 = Debug|Any CPU
		{E0EF3BDA-DD66-4BF9-9B9E-8E77D9BA7F87}.Release|Any CPU.ActiveCfg = Release|Any CPU
		{E0EF3BDA-DD66-4BF9-9B9E-8E77D9BA7F87}.Release|Any CPU.Build.0 = Release|Any CPU
		{B74400A4-FCA8-49CA-A3C2-ED1B5488DD40}.Debug|Any CPU.ActiveCfg = Debug|Any CPU
		{B74400A4-FCA8-49CA-A3C2-ED1B5488DD40}.Debug|Any CPU.Build.0 = Debug|Any CPU
		{B74400A4-FCA8-49CA-A3C2-ED1B5488DD40}.Release|Any CPU.ActiveCfg = Release|Any CPU
		{B74400A4-FCA8-49CA-A3C2-ED1B5488DD40}.Release|Any CPU.Build.0 = Release|Any CPU
		{D4DAAF3B-E6C9-46E4-97E7-07D9DFBD6C31}.Debug|Any CPU.ActiveCfg = Debug|Any CPU
		{D4DAAF3B-E6C9-46E4-97E7-07D9DFBD6C31}.Debug|Any CPU.Build.0 = Debug|Any CPU
		{D4DAAF3B-E6C9-46E4-97E7-07D9DFBD6C31}.Release|Any CPU.ActiveCfg = Release|Any CPU
		{D4DAAF3B-E6C9-46E4-97E7-07D9DFBD6C31}.Release|Any CPU.Build.0 = Release|Any CPU
		{17F227A6-C3EC-4B01-A0BE-049E66665654}.Debug|Any CPU.ActiveCfg = Debug|Any CPU
		{17F227A6-C3EC-4B01-A0BE-049E66665654}.Debug|Any CPU.Build.0 = Debug|Any CPU
		{17F227A6-C3EC-4B01-A0BE-049E66665654}.Release|Any CPU.ActiveCfg = Release|Any CPU
		{17F227A6-C3EC-4B01-A0BE-049E66665654}.Release|Any CPU.Build.0 = Release|Any CPU
	EndGlobalSection
EndGlobal
